{
  "name": "dashactyl-ts",
  "version": "1.0.4",
  "lockfileVersion": 2,
  "requires": true,
  "packages": {
    "": {
      "name": "dashactyl-ts",
      "version": "1.0.4",
      "license": "MIT",
      "dependencies": {
        "ky": "^0.28.7"
      }
    },
    "node_modules/ky": {
      "version": "0.28.7",
      "resolved": "https://registry.npmjs.org/ky/-/ky-0.28.7.tgz",
      "integrity": "sha512-a23i6qSr/ep15vdtw/zyEQIDLoUaKDg9Jf04CYl/0ns/wXNYna26zJpI+MeIFaPeDvkrjLPrKtKOiiI3IE53RQ==",
      "engines": {
        "node": ">=12"
      },
      "funding": {
        "url": "https://github.com/sindresorhus/ky?sponsor=1"
      }
    }
  },
  "dependencies": {
    "ky": {
      "version": "0.28.7",
      "resolved": "https://registry.npmjs.org/ky/-/ky-0.28.7.tgz",
      "integrity": "sha512-a23i6qSr/ep15vdtw/zyEQIDLoUaKDg9Jf04CYl/0ns/wXNYna26zJpI+MeIFaPeDvkrjLPrKtKOiiI3IE53RQ=="
    }
  }
}
